
Microsoft Visual Studio Solution File, Format Version 12.00
# Visual Studio Version 16
VisualStudioVersion = 16.0.31205.134
MinimumVisualStudioVersion = 10.0.40219.1
Project("{9A19103F-16F7-4668-BE54-9A1E7A4F7556}") = "Le0Wolf.Framework.Common", "Le0Wolf.Framework.Common\Le0Wolf.Framework.Common.csproj", "{C888E0DC-9B83-4184-A694-FF8215F3AB51}"
EndProject
Project("{9A19103F-16F7-4668-BE54-9A1E7A4F7556}") = "Le0Wolf.Framework.Modules", "Le0Wolf.Framework.Modules\Le0Wolf.Framework.Modules.csproj", "{8A080825-F9EF-4C5E-B6BA-96A17D167764}"
EndProject
Global
	GlobalSection(SolutionConfigurationPlatforms) = preSolution
		Debug|Any CPU = Debug|Any CPU
		Release|Any CPU = Release|Any CPU
	EndGlobalSection
	GlobalSection(ProjectConfigurationPlatforms) = postSolution
		{C888E0DC-9B83-4184-A694-FF8215F3AB51}.Debug|Any CPU.ActiveCfg = Debug|Any CPU
		{C888E0DC-9B83-4184-A694-FF8215F3AB51}.Debug|Any CPU.Build.0 = Debug|Any CPU
		{C888E0DC-9B83-4184-A694-FF8215F3AB51}.Release|Any CPU.ActiveCfg = Release|Any CPU
		{C888E0DC-9B83-4184-A694-FF8215F3AB51}.Release|Any CPU.Build.0 = Release|Any CPU
		{8A080825-F9EF-4C5E-B6BA-96A17D167764}.Debug|Any CPU.ActiveCfg = Debug|Any CPU
		{8A080825-F9EF-4C5E-B6BA-96A17D167764}.Debug|Any CPU.Build.0 = Debug|Any CPU
		{8A080825-F9EF-4C5E-B6BA-96A17D167764}.Release|Any CPU.ActiveCfg = Release|Any CPU
		{8A080825-F9EF-4C5E-B6BA-96A17D167764}.Release|Any CPU.Build.0 = Release|Any CPU
	EndGlobalSection
	GlobalSection(SolutionProperties) = preSolution
		HideSolutionNode = FALSE
	EndGlobalSection
	GlobalSection(ExtensibilityGlobals) = postSolution
		SolutionGuid = {0D8F0B74-C5E1-47CC-A8CB-F4DE038F0C05}
	EndGlobalSection
EndGlobal
